
Microsoft Visual Studio Solution File, Format Version 12.00
# Visual Studio Version 17
VisualStudioVersion = 17.3.32929.385
MinimumVisualStudioVersion = 10.0.40219.1
Project("{FAE04EC0-301F-11D3-BF4B-00C04F79EFBC}") = "01. Valid Usernames", "01. Valid Usernames\01. Valid Usernames.csproj", "{A3E17729-C429-49DD-9BA7-ACA63BCA26F3}"
EndProject
Project("{FAE04EC0-301F-11D3-BF4B-00C04F79EFBC}") = "02. Character Multiplier", "02. Character Multiplier\02. Character Multiplier.csproj", "{6EAC802A-9F2D-4455-A7AB-E1B73F7C5F23}"
EndProject
Project("{FAE04EC0-301F-11D3-BF4B-00C04F79EFBC}") = "03. Extract File", "03. Extract File\03. Extract File.csproj", "{73489B3C-B8A0-4582-9AF5-4348532ADD3E}"
EndProject
Project("{FAE04EC0-301F-11D3-BF4B-00C04F79EFBC}") = "04. Caesar Cipher", "04. Caesar Cipher\04. Caesar Cipher.csproj", "{C2046DE1-2199-40BF-BF4E-AD33037863D5}"
EndProject
Project("{FAE04EC0-301F-11D3-BF4B-00C04F79EFBC}") = "05. Multiply Big Number", "05. Multiply Big Number\05. Multiply Big Number.csproj", "{CE838F96-62CA-4364-B850-2020DA01794B}"
EndProject
Project("{FAE04EC0-301F-11D3-BF4B-00C04F79EFBC}") = "06. Replace Repeating Chars", "06. Replace Repeating Chars\06. Replace Repeating Chars.csproj", "{FD0E9009-16D4-44C6-80D7-B7357AD206E2}"
EndProject
Project("{FAE04EC0-301F-11D3-BF4B-00C04F79EFBC}") = "07. String Explosion", "07. String Explosion\07. String Explosion.csproj", "{ABE68E92-EAB9-4265-9B14-E056DDB2B2EC}"
EndProject
Project("{FAE04EC0-301F-11D3-BF4B-00C04F79EFBC}") = "08. Letters Change Numbers", "08. Letters Change Numbers\08. Letters Change Numbers.csproj", "{C757C6D5-8AF8-439E-81A7-051FD1BF4015}"
EndProject
Global
	GlobalSection(SolutionConfigurationPlatforms) = preSolution
		Debug|Any CPU = Debug|Any CPU
		Release|Any CPU = Release|Any CPU
	EndGlobalSection
	GlobalSection(ProjectConfigurationPlatforms) = postSolution
		{A3E17729-C429-49DD-9BA7-ACA63BCA26F3}.Debug|Any CPU.ActiveCfg = Debug|Any CPU
		{A3E17729-C429-49DD-9BA7-ACA63BCA26F3}.Debug|Any CPU.Build.0 = Debug|Any CPU
		{A3E17729-C429-49DD-9BA7-ACA63BCA26F3}.Release|Any CPU.ActiveCfg = Release|Any CPU
		{A3E17729-C429-49DD-9BA7-ACA63BCA26F3}.Release|Any CPU.Build.0 = Release|Any CPU
		{6EAC802A-9F2D-4455-A7AB-E1B73F7C5F23}.Debug|Any CPU.ActiveCfg = Debug|Any CPU
		{6EAC802A-9F2D-4455-A7AB-E1B73F7C5F23}.Debug|Any CPU.Build.0 = Debug|Any CPU
		{6EAC802A-9F2D-4455-A7AB-E1B73F7C5F23}.Release|Any CPU.ActiveCfg = Release|Any CPU
		{6EAC802A-9F2D-4455-A7AB-E1B73F7C5F23}.Release|Any CPU.Build.0 = Release|Any CPU
		{73489B3C-B8A0-4582-9AF5-4348532ADD3E}.Debug|Any CPU.ActiveCfg = Debug|Any CPU
		{73489B3C-B8A0-4582-9AF5-4348532ADD3E}.Debug|Any CPU.Build.0 = Debug|Any CPU
		{73489B3C-B8A0-4582-9AF5-4348532ADD3E}.Release|Any CPU.ActiveCfg = Release|Any CPU
		{73489B3C-B8A0-4582-9AF5-4348532ADD3E}.Release|Any CPU.Build.0 = Release|Any CPU
		{C2046DE1-2199-40BF-BF4E-AD33037863D5}.Debug|Any CPU.ActiveCfg = Debug|Any CPU
		{C2046DE1-2199-40BF-BF4E-AD33037863D5}.Debug|Any CPU.Build.0 = Debug|Any CPU
		{C2046DE1-2199-40BF-BF4E-AD33037863D5}.Release|Any CPU.ActiveCfg = Release|Any CPU
		{C2046DE1-2199-40BF-BF4E-AD33037863D5}.Release|Any CPU.Build.0 = Release|Any CPU
		{CE838F96-62CA-4364-B850-2020DA01794B}.Debug|Any CPU.ActiveCfg = Debug|Any CPU
		{CE838F96-62CA-4364-B850-2020DA01794B}.Debug|Any CPU.Build.0 = Debug|Any CPU
		{CE838F96-62CA-4364-B850-2020DA01794B}.Release|Any CPU.ActiveCfg = Release|Any CPU
		{CE838F96-62CA-4364-B850-2020DA01794B}.Release|Any CPU.Build.0 = Release|Any CPU
		{FD0E9009-16D4-44C6-80D7-B7357AD206E2}.Debug|Any CPU.ActiveCfg = Debug|Any CPU
		{FD0E9009-16D4-44C6-80D7-B7357AD206E2}.Debug|Any CPU.Build.0 = Debug|Any CPU
		{FD0E9009-16D4-44C6-80D7-B7357AD206E2}.Release|Any CPU.ActiveCfg = Release|Any CPU
		{FD0E9009-16D4-44C6-80D7-B7357AD206E2}.Release|Any CPU.Build.0 = Release|Any CPU
		{ABE68E92-EAB9-4265-9B14-E056DDB2B2EC}.Debug|Any CPU.ActiveCfg = Debug|Any CPU
		{ABE68E92-EAB9-4265-9B14-E056DDB2B2EC}.Debug|Any CPU.Build.0 = Debug|Any CPU
		{ABE68E92-EAB9-4265-9B14-E056DDB2B2EC}.Release|Any CPU.ActiveCfg = Release|Any CPU
		{ABE68E92-EAB9-4265-9B14-E056DDB2B2EC}.Release|Any CPU.Build.0 = Release|Any CPU
		{C757C6D5-8AF8-439E-81A7-051FD1BF4015}.Debug|Any CPU.ActiveCfg = Debug|Any CPU
		{C757C6D5-8AF8-439E-81A7-051FD1BF4015}.Debug|Any CPU.Build.0 = Debug|Any CPU
		{C757C6D5-8AF8-439E-81A7-051FD1BF4015}.Release|Any CPU.ActiveCfg = Release|Any CPU
		{C757C6D5-8AF8-439E-81A7-051FD1BF4015}.Release|Any CPU.Build.0 = Release|Any CPU
	EndGlobalSection
	GlobalSection(SolutionProperties) = preSolution
		HideSolutionNode = FALSE
	EndGlobalSection
	GlobalSection(ExtensibilityGlobals) = postSolution
		SolutionGuid = {A49DC62E-CDE7-4C52-A879-B7C354E3B2B1}
	EndGlobalSection
EndGlobal
