
Microsoft Visual Studio Solution File, Format Version 12.00
# Visual Studio Version 17
VisualStudioVersion = 17.3.32929.385
MinimumVisualStudioVersion = 10.0.40219.1
Project("{FAE04EC0-301F-11D3-BF4B-00C04F79EFBC}") = "1. Sum Adjacent Equal Numbers", "1. Sum Adjacent Equal Numbers\1. Sum Adjacent Equal Numbers.csproj", "{45F51649-3DA8-4F83-BDCF-9395E8367219}"
EndProject
Project("{FAE04EC0-301F-11D3-BF4B-00C04F79EFBC}") = "2. Gauss' Trick", "2. Gauss' Trick\2. Gauss' Trick.csproj", "{EFDF5554-45FB-4EB5-A22E-B8B291405BF3}"
EndProject
Project("{FAE04EC0-301F-11D3-BF4B-00C04F79EFBC}") = "3. Merging Lists", "3. Merging Lists\3. Merging Lists.csproj", "{102C2791-5654-442F-B2F1-C234B900FB31}"
EndProject
Project("{FAE04EC0-301F-11D3-BF4B-00C04F79EFBC}") = "4. List of Products", "4. List of Products\4. List of Products.csproj", "{E09A7EE0-7108-47CC-AD74-2855C35C40C8}"
EndProject
Project("{FAE04EC0-301F-11D3-BF4B-00C04F79EFBC}") = "5. Remove Negatives and Reverse", "5. Remove Negatives and Reverse\5. Remove Negatives and Reverse.csproj", "{810C856B-28D0-4EB8-AA91-85C45B94DB80}"
EndProject
Project("{FAE04EC0-301F-11D3-BF4B-00C04F79EFBC}") = "6. List Manipulation Basics", "6. List Manipulation Basics\6. List Manipulation Basics.csproj", "{7B2128F2-65C5-4019-97A5-5818F79EED01}"
EndProject
Project("{FAE04EC0-301F-11D3-BF4B-00C04F79EFBC}") = "7. List Manipulation Advanced", "7. List Manipulation Advanced\7. List Manipulation Advanced.csproj", "{D6123D29-AC16-4DD2-92A3-D76F9F866C8C}"
EndProject
Global
	GlobalSection(SolutionConfigurationPlatforms) = preSolution
		Debug|Any CPU = Debug|Any CPU
		Release|Any CPU = Release|Any CPU
	EndGlobalSection
	GlobalSection(ProjectConfigurationPlatforms) = postSolution
		{45F51649-3DA8-4F83-BDCF-9395E8367219}.Debug|Any CPU.ActiveCfg = Debug|Any CPU
		{45F51649-3DA8-4F83-BDCF-9395E8367219}.Debug|Any CPU.Build.0 = Debug|Any CPU
		{45F51649-3DA8-4F83-BDCF-9395E8367219}.Release|Any CPU.ActiveCfg = Release|Any CPU
		{45F51649-3DA8-4F83-BDCF-9395E8367219}.Release|Any CPU.Build.0 = Release|Any CPU
		{EFDF5554-45FB-4EB5-A22E-B8B291405BF3}.Debug|Any CPU.ActiveCfg = Debug|Any CPU
		{EFDF5554-45FB-4EB5-A22E-B8B291405BF3}.Debug|Any CPU.Build.0 = Debug|Any CPU
		{EFDF5554-45FB-4EB5-A22E-B8B291405BF3}.Release|Any CPU.ActiveCfg = Release|Any CPU
		{EFDF5554-45FB-4EB5-A22E-B8B291405BF3}.Release|Any CPU.Build.0 = Release|Any CPU
		{102C2791-5654-442F-B2F1-C234B900FB31}.Debug|Any CPU.ActiveCfg = Debug|Any CPU
		{102C2791-5654-442F-B2F1-C234B900FB31}.Debug|Any CPU.Build.0 = Debug|Any CPU
		{102C2791-5654-442F-B2F1-C234B900FB31}.Release|Any CPU.ActiveCfg = Release|Any CPU
		{102C2791-5654-442F-B2F1-C234B900FB31}.Release|Any CPU.Build.0 = Release|Any CPU
		{E09A7EE0-7108-47CC-AD74-2855C35C40C8}.Debug|Any CPU.ActiveCfg = Debug|Any CPU
		{E09A7EE0-7108-47CC-AD74-2855C35C40C8}.Debug|Any CPU.Build.0 = Debug|Any CPU
		{E09A7EE0-7108-47CC-AD74-2855C35C40C8}.Release|Any CPU.ActiveCfg = Release|Any CPU
		{E09A7EE0-7108-47CC-AD74-2855C35C40C8}.Release|Any CPU.Build.0 = Release|Any CPU
		{810C856B-28D0-4EB8-AA91-85C45B94DB80}.Debug|Any CPU.ActiveCfg = Debug|Any CPU
		{810C856B-28D0-4EB8-AA91-85C45B94DB80}.Debug|Any CPU.Build.0 = Debug|Any CPU
		{810C856B-28D0-4EB8-AA91-85C45B94DB80}.Release|Any CPU.ActiveCfg = Release|Any CPU
		{810C856B-28D0-4EB8-AA91-85C45B94DB80}.Release|Any CPU.Build.0 = Release|Any CPU
		{7B2128F2-65C5-4019-97A5-5818F79EED01}.Debug|Any CPU.ActiveCfg = Debug|Any CPU
		{7B2128F2-65C5-4019-97A5-5818F79EED01}.Debug|Any CPU.Build.0 = Debug|Any CPU
		{7B2128F2-65C5-4019-97A5-5818F79EED01}.Release|Any CPU.ActiveCfg = Release|Any CPU
		{7B2128F2-65C5-4019-97A5-5818F79EED01}.Release|Any CPU.Build.0 = Release|Any CPU
		{D6123D29-AC16-4DD2-92A3-D76F9F866C8C}.Debug|Any CPU.ActiveCfg = Debug|Any CPU
		{D6123D29-AC16-4DD2-92A3-D76F9F866C8C}.Debug|Any CPU.Build.0 = Debug|Any CPU
		{D6123D29-AC16-4DD2-92A3-D76F9F866C8C}.Release|Any CPU.ActiveCfg = Release|Any CPU
		{D6123D29-AC16-4DD2-92A3-D76F9F866C8C}.Release|Any CPU.Build.0 = Release|Any CPU
	EndGlobalSection
	GlobalSection(SolutionProperties) = preSolution
		HideSolutionNode = FALSE
	EndGlobalSection
	GlobalSection(ExtensibilityGlobals) = postSolution
		SolutionGuid = {A7D45A1E-153E-47D6-8D27-B74EA42B6820}
	EndGlobalSection
EndGlobal
