
Microsoft Visual Studio Solution File, Format Version 12.00
# Visual Studio Version 17
VisualStudioVersion = 17.3.32929.385
MinimumVisualStudioVersion = 10.0.40219.1
Project("{FAE04EC0-301F-11D3-BF4B-00C04F79EFBC}") = "05. Number 100-200", "05. Number 100-200\05. Number 100-200.csproj", "{19951A27-885C-4DFD-8F07-D7BF8CF7BCC4}"
EndProject
Global
	GlobalSection(SolutionConfigurationPlatforms) = preSolution
		Debug|Any CPU = Debug|Any CPU
		Release|Any CPU = Release|Any CPU
	EndGlobalSection
	GlobalSection(ProjectConfigurationPlatforms) = postSolution
		{19951A27-885C-4DFD-8F07-D7BF8CF7BCC4}.Debug|Any CPU.ActiveCfg = Debug|Any CPU
		{19951A27-885C-4DFD-8F07-D7BF8CF7BCC4}.Debug|Any CPU.Build.0 = Debug|Any CPU
		{19951A27-885C-4DFD-8F07-D7BF8CF7BCC4}.Release|Any CPU.ActiveCfg = Release|Any CPU
		{19951A27-885C-4DFD-8F07-D7BF8CF7BCC4}.Release|Any CPU.Build.0 = Release|Any CPU
	EndGlobalSection
	GlobalSection(SolutionProperties) = preSolution
		HideSolutionNode = FALSE
	EndGlobalSection
	GlobalSection(ExtensibilityGlobals) = postSolution
		SolutionGuid = {8DDCC2C1-7301-49D9-901E-9E171902731D}
	EndGlobalSection
EndGlobal
