
Microsoft Visual Studio Solution File, Format Version 12.00
# Visual Studio Version 17
VisualStudioVersion = 17.3.32929.385
MinimumVisualStudioVersion = 10.0.40219.1
Project("{FAE04EC0-301F-11D3-BF4B-00C04F79EFBC}") = "01. Excellent Result", "01. Excellent Result\01. Excellent Result.csproj", "{DEB420C6-9847-4C54-83A7-2C9F26F6230F}"
EndProject
Global
	GlobalSection(SolutionConfigurationPlatforms) = preSolution
		Debug|Any CPU = Debug|Any CPU
		Release|Any CPU = Release|Any CPU
	EndGlobalSection
	GlobalSection(ProjectConfigurationPlatforms) = postSolution
		{DEB420C6-9847-4C54-83A7-2C9F26F6230F}.Debug|Any CPU.ActiveCfg = Debug|Any CPU
		{DEB420C6-9847-4C54-83A7-2C9F26F6230F}.Debug|Any CPU.Build.0 = Debug|Any CPU
		{DEB420C6-9847-4C54-83A7-2C9F26F6230F}.Release|Any CPU.ActiveCfg = Release|Any CPU
		{DEB420C6-9847-4C54-83A7-2C9F26F6230F}.Release|Any CPU.Build.0 = Release|Any CPU
	EndGlobalSection
	GlobalSection(SolutionProperties) = preSolution
		HideSolutionNode = FALSE
	EndGlobalSection
	GlobalSection(ExtensibilityGlobals) = postSolution
		SolutionGuid = {716F38B9-15D7-4A67-A0D5-E5DBB65A8B1C}
	EndGlobalSection
EndGlobal
