
Microsoft Visual Studio Solution File, Format Version 12.00
# Visual Studio Version 17
VisualStudioVersion = 17.3.32929.385
MinimumVisualStudioVersion = 10.0.40219.1
Project("{FAE04EC0-301F-11D3-BF4B-00C04F79EFBC}") = "03. Rectangle Area", "03. Rectangle Area\03. Rectangle Area.csproj", "{FA3430DE-5EAD-4BC7-AB43-1A9633B61D7D}"
EndProject
Global
	GlobalSection(SolutionConfigurationPlatforms) = preSolution
		Debug|Any CPU = Debug|Any CPU
		Release|Any CPU = Release|Any CPU
	EndGlobalSection
	GlobalSection(ProjectConfigurationPlatforms) = postSolution
		{FA3430DE-5EAD-4BC7-AB43-1A9633B61D7D}.Debug|Any CPU.ActiveCfg = Debug|Any CPU
		{FA3430DE-5EAD-4BC7-AB43-1A9633B61D7D}.Debug|Any CPU.Build.0 = Debug|Any CPU
		{FA3430DE-5EAD-4BC7-AB43-1A9633B61D7D}.Release|Any CPU.ActiveCfg = Release|Any CPU
		{FA3430DE-5EAD-4BC7-AB43-1A9633B61D7D}.Release|Any CPU.Build.0 = Release|Any CPU
	EndGlobalSection
	GlobalSection(SolutionProperties) = preSolution
		HideSolutionNode = FALSE
	EndGlobalSection
	GlobalSection(ExtensibilityGlobals) = postSolution
		SolutionGuid = {24F42A7E-67E1-4DDA-B1EA-421BBEF3B09D}
	EndGlobalSection
EndGlobal
