
Microsoft Visual Studio Solution File, Format Version 12.00
# Visual Studio Version 17
VisualStudioVersion = 17.3.32929.385
MinimumVisualStudioVersion = 10.0.40219.1
Project("{FAE04EC0-301F-11D3-BF4B-00C04F79EFBC}") = "05. Godzilla vs. Kong", "05. Godzilla vs. Kong\05. Godzilla vs. Kong.csproj", "{D9EF9F10-A779-4B59-B026-1F9FBEBDA0DD}"
EndProject
Global
	GlobalSection(SolutionConfigurationPlatforms) = preSolution
		Debug|Any CPU = Debug|Any CPU
		Release|Any CPU = Release|Any CPU
	EndGlobalSection
	GlobalSection(ProjectConfigurationPlatforms) = postSolution
		{D9EF9F10-A779-4B59-B026-1F9FBEBDA0DD}.Debug|Any CPU.ActiveCfg = Debug|Any CPU
		{D9EF9F10-A779-4B59-B026-1F9FBEBDA0DD}.Debug|Any CPU.Build.0 = Debug|Any CPU
		{D9EF9F10-A779-4B59-B026-1F9FBEBDA0DD}.Release|Any CPU.ActiveCfg = Release|Any CPU
		{D9EF9F10-A779-4B59-B026-1F9FBEBDA0DD}.Release|Any CPU.Build.0 = Release|Any CPU
	EndGlobalSection
	GlobalSection(SolutionProperties) = preSolution
		HideSolutionNode = FALSE
	EndGlobalSection
	GlobalSection(ExtensibilityGlobals) = postSolution
		SolutionGuid = {92F80FAA-8505-4B6A-BA44-380E28A75627}
	EndGlobalSection
EndGlobal
