
Microsoft Visual Studio Solution File, Format Version 12.00
# Visual Studio Version 17
VisualStudioVersion = 17.3.32929.385
MinimumVisualStudioVersion = 10.0.40219.1
Project("{FAE04EC0-301F-11D3-BF4B-00C04F79EFBC}") = "08. Lunch Break", "08. Lunch Break\08. Lunch Break.csproj", "{45B1B9FA-ACC7-4E47-92DC-CEB06FB7C843}"
EndProject
Global
	GlobalSection(SolutionConfigurationPlatforms) = preSolution
		Debug|Any CPU = Debug|Any CPU
		Release|Any CPU = Release|Any CPU
	EndGlobalSection
	GlobalSection(ProjectConfigurationPlatforms) = postSolution
		{45B1B9FA-ACC7-4E47-92DC-CEB06FB7C843}.Debug|Any CPU.ActiveCfg = Debug|Any CPU
		{45B1B9FA-ACC7-4E47-92DC-CEB06FB7C843}.Debug|Any CPU.Build.0 = Debug|Any CPU
		{45B1B9FA-ACC7-4E47-92DC-CEB06FB7C843}.Release|Any CPU.ActiveCfg = Release|Any CPU
		{45B1B9FA-ACC7-4E47-92DC-CEB06FB7C843}.Release|Any CPU.Build.0 = Release|Any CPU
	EndGlobalSection
	GlobalSection(SolutionProperties) = preSolution
		HideSolutionNode = FALSE
	EndGlobalSection
	GlobalSection(ExtensibilityGlobals) = postSolution
		SolutionGuid = {C55167E0-065D-410B-8870-297A1A15EA15}
	EndGlobalSection
EndGlobal
