
Microsoft Visual Studio Solution File, Format Version 12.00
# Visual Studio Version 17
VisualStudioVersion = 17.3.32929.385
MinimumVisualStudioVersion = 10.0.40219.1
Project("{FAE04EC0-301F-11D3-BF4B-00C04F79EFBC}") = "05. Supplies for School", "05. Supplies for School\05. Supplies for School.csproj", "{FE868078-940C-444F-BF6A-EBCBFD7E4C58}"
EndProject
Global
	GlobalSection(SolutionConfigurationPlatforms) = preSolution
		Debug|Any CPU = Debug|Any CPU
		Release|Any CPU = Release|Any CPU
	EndGlobalSection
	GlobalSection(ProjectConfigurationPlatforms) = postSolution
		{FE868078-940C-444F-BF6A-EBCBFD7E4C58}.Debug|Any CPU.ActiveCfg = Debug|Any CPU
		{FE868078-940C-444F-BF6A-EBCBFD7E4C58}.Debug|Any CPU.Build.0 = Debug|Any CPU
		{FE868078-940C-444F-BF6A-EBCBFD7E4C58}.Release|Any CPU.ActiveCfg = Release|Any CPU
		{FE868078-940C-444F-BF6A-EBCBFD7E4C58}.Release|Any CPU.Build.0 = Release|Any CPU
	EndGlobalSection
	GlobalSection(SolutionProperties) = preSolution
		HideSolutionNode = FALSE
	EndGlobalSection
	GlobalSection(ExtensibilityGlobals) = postSolution
		SolutionGuid = {70123041-8A54-4EF9-A3E4-161DB06DDD90}
	EndGlobalSection
EndGlobal
