
Microsoft Visual Studio Solution File, Format Version 12.00
# Visual Studio Version 17
VisualStudioVersion = 17.3.32929.385
MinimumVisualStudioVersion = 10.0.40219.1
Project("{FAE04EC0-301F-11D3-BF4B-00C04F79EFBC}") = "03. Time + 15 Minutes", "03. Time + 15 Minutes\03. Time + 15 Minutes.csproj", "{10CBF5FD-90D0-4E41-A969-D9E14E11FA84}"
EndProject
Global
	GlobalSection(SolutionConfigurationPlatforms) = preSolution
		Debug|Any CPU = Debug|Any CPU
		Release|Any CPU = Release|Any CPU
	EndGlobalSection
	GlobalSection(ProjectConfigurationPlatforms) = postSolution
		{10CBF5FD-90D0-4E41-A969-D9E14E11FA84}.Debug|Any CPU.ActiveCfg = Debug|Any CPU
		{10CBF5FD-90D0-4E41-A969-D9E14E11FA84}.Debug|Any CPU.Build.0 = Debug|Any CPU
		{10CBF5FD-90D0-4E41-A969-D9E14E11FA84}.Release|Any CPU.ActiveCfg = Release|Any CPU
		{10CBF5FD-90D0-4E41-A969-D9E14E11FA84}.Release|Any CPU.Build.0 = Release|Any CPU
	EndGlobalSection
	GlobalSection(SolutionProperties) = preSolution
		HideSolutionNode = FALSE
	EndGlobalSection
	GlobalSection(ExtensibilityGlobals) = postSolution
		SolutionGuid = {3AC932BE-4B69-4006-80B8-D22D4A1A3D8A}
	EndGlobalSection
EndGlobal
