
Microsoft Visual Studio Solution File, Format Version 12.00
# Visual Studio Version 17
VisualStudioVersion = 17.3.32929.385
MinimumVisualStudioVersion = 10.0.40219.1
Project("{FAE04EC0-301F-11D3-BF4B-00C04F79EFBC}") = "01. Reverse Strings", "01. Reverse Strings\01. Reverse Strings.csproj", "{506F328E-E8E4-45B9-8AB8-78A691BFC18B}"
EndProject
Project("{FAE04EC0-301F-11D3-BF4B-00C04F79EFBC}") = "02. Repeat Strings", "02. Repeat Strings\02. Repeat Strings.csproj", "{106414E5-775B-4FD2-B085-F27A3BCD2252}"
EndProject
Project("{FAE04EC0-301F-11D3-BF4B-00C04F79EFBC}") = "03. Substring", "03. Substring\03. Substring.csproj", "{A8EF2AC6-680A-439C-8CBD-410658657348}"
EndProject
Project("{FAE04EC0-301F-11D3-BF4B-00C04F79EFBC}") = "04. Text Filter", "04. Text Filter\04. Text Filter.csproj", "{E60E475B-652E-4529-B16E-A9E10BDA0AFC}"
EndProject
Project("{FAE04EC0-301F-11D3-BF4B-00C04F79EFBC}") = "05. Digits, Letters and Other", "05. Digits, Letters and Other\05. Digits, Letters and Other.csproj", "{5F210A6C-50CB-4493-B977-7C3630618238}"
EndProject
Global
	GlobalSection(SolutionConfigurationPlatforms) = preSolution
		Debug|Any CPU = Debug|Any CPU
		Release|Any CPU = Release|Any CPU
	EndGlobalSection
	GlobalSection(ProjectConfigurationPlatforms) = postSolution
		{506F328E-E8E4-45B9-8AB8-78A691BFC18B}.Debug|Any CPU.ActiveCfg = Debug|Any CPU
		{506F328E-E8E4-45B9-8AB8-78A691BFC18B}.Debug|Any CPU.Build.0 = Debug|Any CPU
		{506F328E-E8E4-45B9-8AB8-78A691BFC18B}.Release|Any CPU.ActiveCfg = Release|Any CPU
		{506F328E-E8E4-45B9-8AB8-78A691BFC18B}.Release|Any CPU.Build.0 = Release|Any CPU
		{106414E5-775B-4FD2-B085-F27A3BCD2252}.Debug|Any CPU.ActiveCfg = Debug|Any CPU
		{106414E5-775B-4FD2-B085-F27A3BCD2252}.Debug|Any CPU.Build.0 = Debug|Any CPU
		{106414E5-775B-4FD2-B085-F27A3BCD2252}.Release|Any CPU.ActiveCfg = Release|Any CPU
		{106414E5-775B-4FD2-B085-F27A3BCD2252}.Release|Any CPU.Build.0 = Release|Any CPU
		{A8EF2AC6-680A-439C-8CBD-410658657348}.Debug|Any CPU.ActiveCfg = Debug|Any CPU
		{A8EF2AC6-680A-439C-8CBD-410658657348}.Debug|Any CPU.Build.0 = Debug|Any CPU
		{A8EF2AC6-680A-439C-8CBD-410658657348}.Release|Any CPU.ActiveCfg = Release|Any CPU
		{A8EF2AC6-680A-439C-8CBD-410658657348}.Release|Any CPU.Build.0 = Release|Any CPU
		{E60E475B-652E-4529-B16E-A9E10BDA0AFC}.Debug|Any CPU.ActiveCfg = Debug|Any CPU
		{E60E475B-652E-4529-B16E-A9E10BDA0AFC}.Debug|Any CPU.Build.0 = Debug|Any CPU
		{E60E475B-652E-4529-B16E-A9E10BDA0AFC}.Release|Any CPU.ActiveCfg = Release|Any CPU
		{E60E475B-652E-4529-B16E-A9E10BDA0AFC}.Release|Any CPU.Build.0 = Release|Any CPU
		{5F210A6C-50CB-4493-B977-7C3630618238}.Debug|Any CPU.ActiveCfg = Debug|Any CPU
		{5F210A6C-50CB-4493-B977-7C3630618238}.Debug|Any CPU.Build.0 = Debug|Any CPU
		{5F210A6C-50CB-4493-B977-7C3630618238}.Release|Any CPU.ActiveCfg = Release|Any CPU
		{5F210A6C-50CB-4493-B977-7C3630618238}.Release|Any CPU.Build.0 = Release|Any CPU
	EndGlobalSection
	GlobalSection(SolutionProperties) = preSolution
		HideSolutionNode = FALSE
	EndGlobalSection
	GlobalSection(ExtensibilityGlobals) = postSolution
		SolutionGuid = {2E651334-77BF-4094-BB5A-E4600772274A}
	EndGlobalSection
EndGlobal
