
Microsoft Visual Studio Solution File, Format Version 12.00
# Visual Studio Version 17
VisualStudioVersion = 17.3.32929.385
MinimumVisualStudioVersion = 10.0.40219.1
Project("{FAE04EC0-301F-11D3-BF4B-00C04F79EFBC}") = "04. Vacation Books List", "04. Vacation Books List\04. Vacation Books List.csproj", "{4B8F7855-9346-4D0C-89FA-D85E5B20D7E8}"
EndProject
Global
	GlobalSection(SolutionConfigurationPlatforms) = preSolution
		Debug|Any CPU = Debug|Any CPU
		Release|Any CPU = Release|Any CPU
	EndGlobalSection
	GlobalSection(ProjectConfigurationPlatforms) = postSolution
		{4B8F7855-9346-4D0C-89FA-D85E5B20D7E8}.Debug|Any CPU.ActiveCfg = Debug|Any CPU
		{4B8F7855-9346-4D0C-89FA-D85E5B20D7E8}.Debug|Any CPU.Build.0 = Debug|Any CPU
		{4B8F7855-9346-4D0C-89FA-D85E5B20D7E8}.Release|Any CPU.ActiveCfg = Release|Any CPU
		{4B8F7855-9346-4D0C-89FA-D85E5B20D7E8}.Release|Any CPU.Build.0 = Release|Any CPU
	EndGlobalSection
	GlobalSection(SolutionProperties) = preSolution
		HideSolutionNode = FALSE
	EndGlobalSection
	GlobalSection(ExtensibilityGlobals) = postSolution
		SolutionGuid = {BD7006B5-5979-4FBB-9C0A-9813437085F5}
	EndGlobalSection
EndGlobal
